
Microsoft Visual Studio Solution File, Format Version 12.00
# Visual Studio Version 17
VisualStudioVersion = 17.10.35122.118
MinimumVisualStudioVersion = 10.0.40219.1
Project("{FAE04EC0-301F-11D3-BF4B-00C04F79EFBC}") = "CalcularSalario", "CalcularSalario.csproj", "{8E131194-41F4-46CD-B4DD-44A1DDECB907}"
EndProject
Global
	GlobalSection(SolutionConfigurationPlatforms) = preSolution
		Debug|Any CPU = Debug|Any CPU
		Release|Any CPU = Release|Any CPU
	EndGlobalSection
	GlobalSection(ProjectConfigurationPlatforms) = postSolution
		{8E131194-41F4-46CD-B4DD-44A1DDECB907}.Debug|Any CPU.ActiveCfg = Debug|Any CPU
		{8E131194-41F4-46CD-B4DD-44A1DDECB907}.Debug|Any CPU.Build.0 = Debug|Any CPU
		{8E131194-41F4-46CD-B4DD-44A1DDECB907}.Release|Any CPU.ActiveCfg = Release|Any CPU
		{8E131194-41F4-46CD-B4DD-44A1DDECB907}.Release|Any CPU.Build.0 = Release|Any CPU
	EndGlobalSection
	GlobalSection(SolutionProperties) = preSolution
		HideSolutionNode = FALSE
	EndGlobalSection
	GlobalSection(ExtensibilityGlobals) = postSolution
		SolutionGuid = {4617185B-621F-4116-BA9B-FD15B1B4F5BB}
	EndGlobalSection
EndGlobal
